
Microsoft Visual Studio Solution File, Format Version 12.00
# Visual Studio Version 16
VisualStudioVersion = 16.0.28803.156
MinimumVisualStudioVersion = 10.0.40219.1
Project("{FAE04EC0-301F-11D3-BF4B-00C04F79EFBC}") = "CrackTheCode", "CrackTheCode\CrackTheCode.csproj", "{62140AB4-1A79-4D1F-BAA4-B5F1E4D3CB59}"
EndProject
Global
	GlobalSection(SolutionConfigurationPlatforms) = preSolution
		Debug|Any CPU = Debug|Any CPU
		Release|Any CPU = Release|Any CPU
	EndGlobalSection
	GlobalSection(ProjectConfigurationPlatforms) = postSolution
		{62140AB4-1A79-4D1F-BAA4-B5F1E4D3CB59}.Debug|Any CPU.ActiveCfg = Debug|Any CPU
		{62140AB4-1A79-4D1F-BAA4-B5F1E4D3CB59}.Debug|Any CPU.Build.0 = Debug|Any CPU
		{62140AB4-1A79-4D1F-BAA4-B5F1E4D3CB59}.Release|Any CPU.ActiveCfg = Release|Any CPU
		{62140AB4-1A79-4D1F-BAA4-B5F1E4D3CB59}.Release|Any CPU.Build.0 = Release|Any CPU
	EndGlobalSection
	GlobalSection(SolutionProperties) = preSolution
		HideSolutionNode = FALSE
	EndGlobalSection
	GlobalSection(ExtensibilityGlobals) = postSolution
		SolutionGuid = {ADA89F91-0556-47C4-B72A-5642333F71AC}
	EndGlobalSection
EndGlobal
